
Microsoft Visual Studio Solution File, Format Version 12.00
# Visual Studio Version 17
VisualStudioVersion = 17.3.32922.545
MinimumVisualStudioVersion = 10.0.40219.1
Project("{FAE04EC0-301F-11D3-BF4B-00C04F79EFBC}") = "SyncOutlookCalendar", "SyncOutlookCalendar\SyncOutlookCalendar.csproj", "{AFC15A0D-928F-4C38-8E41-B80D658D07FF}"
EndProject
Global
	GlobalSection(SolutionConfigurationPlatforms) = preSolution
		Debug|Any CPU = Debug|Any CPU
		Release|Any CPU = Release|Any CPU
	EndGlobalSection
	GlobalSection(ProjectConfigurationPlatforms) = postSolution
		{AFC15A0D-928F-4C38-8E41-B80D658D07FF}.Debug|Any CPU.ActiveCfg = Debug|Any CPU
		{AFC15A0D-928F-4C38-8E41-B80D658D07FF}.Debug|Any CPU.Build.0 = Debug|Any CPU
		{AFC15A0D-928F-4C38-8E41-B80D658D07FF}.Release|Any CPU.ActiveCfg = Release|Any CPU
		{AFC15A0D-928F-4C38-8E41-B80D658D07FF}.Release|Any CPU.Build.0 = Release|Any CPU
	EndGlobalSection
	GlobalSection(SolutionProperties) = preSolution
		HideSolutionNode = FALSE
	EndGlobalSection
	GlobalSection(ExtensibilityGlobals) = postSolution
		SolutionGuid = {9686A408-B8A1-4785-80D8-CE617734BC29}
	EndGlobalSection
EndGlobal
